// !$*UTF8*$!
{
	archiveVersion = 1;
	classes = {
	};
	objectVersion = 56;
	objects = {

/* Begin PBXBuildFile section */
		634AD50829F563D800659C1F /* LandmarksApp.swift in Sources */ = {isa = PBXBuildFile; fileRef = 634AD50729F563D800659C1F /* LandmarksApp.swift */; };
		634AD50A29F563D800659C1F /* ContentView.swift in Sources */ = {isa = PBXBuildFile; fileRef = 634AD50929F563D800659C1F /* ContentView.swift */; };
		634AD50C29F563D900659C1F /* Assets.xcassets in Resources */ = {isa = PBXBuildFile; fileRef = 634AD50B29F563D900659C1F /* Assets.xcassets */; };
		634AD50F29F563D900659C1F /* Preview Assets.xcassets in Resources */ = {isa = PBXBuildFile; fileRef = 634AD50E29F563D900659C1F /* Preview Assets.xcassets */; };
		634AD51629F5642A00659C1F /* CircleImage.swift in Sources */ = {isa = PBXBuildFile; fileRef = 634AD51529F5642A00659C1F /* CircleImage.swift */; };
		634AD51829F5644800659C1F /* MapView.swift in Sources */ = {isa = PBXBuildFile; fileRef = 634AD51729F5644800659C1F /* MapView.swift */; };
		634AD51A29F5651100659C1F /* landmarkData.json in Resources */ = {isa = PBXBuildFile; fileRef = 634AD51929F5651100659C1F /* landmarkData.json */; };
		634AD51C29F5656200659C1F /* Landmark.swift in Sources */ = {isa = PBXBuildFile; fileRef = 634AD51B29F5656200659C1F /* Landmark.swift */; };
		634AD51E29F565B500659C1F /* ModelData.swift in Sources */ = {isa = PBXBuildFile; fileRef = 634AD51D29F565B500659C1F /* ModelData.swift */; };
		634AD52329F5666900659C1F /* LandmarkRow.swift in Sources */ = {isa = PBXBuildFile; fileRef = 634AD52229F5666900659C1F /* LandmarkRow.swift */; };
		634AD52529F5686500659C1F /* LandmarkList.swift in Sources */ = {isa = PBXBuildFile; fileRef = 634AD52429F5686500659C1F /* LandmarkList.swift */; };
		634AD52729F56A3400659C1F /* LandmarkDetail.swift in Sources */ = {isa = PBXBuildFile; fileRef = 634AD52629F56A3400659C1F /* LandmarkDetail.swift */; };
		634AD52929F8BF3D00659C1F /* FavoriteButton.swift in Sources */ = {isa = PBXBuildFile; fileRef = 634AD52829F8BF3D00659C1F /* FavoriteButton.swift */; };
		634AD52D29F8C6AF00659C1F /* HesagonParameters.swift in Sources */ = {isa = PBXBuildFile; fileRef = 634AD52C29F8C6AF00659C1F /* HesagonParameters.swift */; };
		634AD52F29F8CDDE00659C1F /* BedgeBackground.swift in Sources */ = {isa = PBXBuildFile; fileRef = 634AD52E29F8CDDE00659C1F /* BedgeBackground.swift */; };
		634AD53129F901FB00659C1F /* BedgeSymbol.swift in Sources */ = {isa = PBXBuildFile; fileRef = 634AD53029F901FB00659C1F /* BedgeSymbol.swift */; };
		634AD53329F9027300659C1F /* RotatedBedgeSymbol.swift in Sources */ = {isa = PBXBuildFile; fileRef = 634AD53229F9027300659C1F /* RotatedBedgeSymbol.swift */; };
		634AD53529F904D300659C1F /* Bedge.swift in Sources */ = {isa = PBXBuildFile; fileRef = 634AD53429F904D300659C1F /* Bedge.swift */; };
		634AD53829F90EC300659C1F /* hikeData.json in Resources */ = {isa = PBXBuildFile; fileRef = 634AD53729F90EC300659C1F /* hikeData.json */; };
		634AD53A29F9317200659C1F /* Hike.swift in Sources */ = {isa = PBXBuildFile; fileRef = 634AD53929F9317200659C1F /* Hike.swift */; };
		634AD54029F932AB00659C1F /* GraphCapsule.swift in Sources */ = {isa = PBXBuildFile; fileRef = 634AD53C29F932AA00659C1F /* GraphCapsule.swift */; };
		634AD54129F932AB00659C1F /* HikeGraph.swift in Sources */ = {isa = PBXBuildFile; fileRef = 634AD53D29F932AA00659C1F /* HikeGraph.swift */; };
		634AD54229F932AB00659C1F /* HikeDetail.swift in Sources */ = {isa = PBXBuildFile; fileRef = 634AD53E29F932AA00659C1F /* HikeDetail.swift */; };
		634AD54329F932AB00659C1F /* HikeView.swift in Sources */ = {isa = PBXBuildFile; fileRef = 634AD53F29F932AA00659C1F /* HikeView.swift */; };
/* End PBXBuildFile section */

/* Begin PBXFileReference section */
		634AD50429F563D800659C1F /* Landmarks.app */ = {isa = PBXFileReference; explicitFileType = wrapper.application; includeInIndex = 0; path = Landmarks.app; sourceTree = BUILT_PRODUCTS_DIR; };
		634AD50729F563D800659C1F /* LandmarksApp.swift */ = {isa = PBXFileReference; lastKnownFileType = sourcecode.swift; path = LandmarksApp.swift; sourceTree = "<group>"; };
		634AD50929F563D800659C1F /* ContentView.swift */ = {isa = PBXFileReference; lastKnownFileType = sourcecode.swift; path = ContentView.swift; sourceTree = "<group>"; };
		634AD50B29F563D900659C1F /* Assets.xcassets */ = {isa = PBXFileReference; lastKnownFileType = folder.assetcatalog; path = Assets.xcassets; sourceTree = "<group>"; };
		634AD50E29F563D900659C1F /* Preview Assets.xcassets */ = {isa = PBXFileReference; lastKnownFileType = folder.assetcatalog; path = "Preview Assets.xcassets"; sourceTree = "<group>"; };
		634AD51529F5642A00659C1F /* CircleImage.swift */ = {isa = PBXFileReference; lastKnownFileType = sourcecode.swift; path = CircleImage.swift; sourceTree = "<group>"; };
		634AD51729F5644800659C1F /* MapView.swift */ = {isa = PBXFileReference; lastKnownFileType = sourcecode.swift; path = MapView.swift; sourceTree = "<group>"; };
		634AD51929F5651100659C1F /* landmarkData.json */ = {isa = PBXFileReference; fileEncoding = 4; lastKnownFileType = text.json; path = landmarkData.json; sourceTree = "<group>"; };
		634AD51B29F5656200659C1F /* Landmark.swift */ = {isa = PBXFileReference; lastKnownFileType = sourcecode.swift; path = Landmark.swift; sourceTree = "<group>"; };
		634AD51D29F565B500659C1F /* ModelData.swift */ = {isa = PBXFileReference; lastKnownFileType = sourcecode.swift; path = ModelData.swift; sourceTree = "<group>"; };
		634AD52229F5666900659C1F /* LandmarkRow.swift */ = {isa = PBXFileReference; lastKnownFileType = sourcecode.swift; path = LandmarkRow.swift; sourceTree = "<group>"; };
		634AD52429F5686500659C1F /* LandmarkList.swift */ = {isa = PBXFileReference; lastKnownFileType = sourcecode.swift; path = LandmarkList.swift; sourceTree = "<group>"; };
		634AD52629F56A3400659C1F /* LandmarkDetail.swift */ = {isa = PBXFileReference; lastKnownFileType = sourcecode.swift; path = LandmarkDetail.swift; sourceTree = "<group>"; };
		634AD52829F8BF3D00659C1F /* FavoriteButton.swift */ = {isa = PBXFileReference; lastKnownFileType = sourcecode.swift; path = FavoriteButton.swift; sourceTree = "<group>"; };
		634AD52C29F8C6AF00659C1F /* HesagonParameters.swift */ = {isa = PBXFileReference; lastKnownFileType = sourcecode.swift; path = HesagonParameters.swift; sourceTree = "<group>"; };
		634AD52E29F8CDDE00659C1F /* BedgeBackground.swift */ = {isa = PBXFileReference; lastKnownFileType = sourcecode.swift; path = BedgeBackground.swift; sourceTree = "<group>"; };
		634AD53029F901FB00659C1F /* BedgeSymbol.swift */ = {isa = PBXFileReference; lastKnownFileType = sourcecode.swift; path = BedgeSymbol.swift; sourceTree = "<group>"; };
		634AD53229F9027300659C1F /* RotatedBedgeSymbol.swift */ = {isa = PBXFileReference; lastKnownFileType = sourcecode.swift; path = RotatedBedgeSymbol.swift; sourceTree = "<group>"; };
		634AD53429F904D300659C1F /* Bedge.swift */ = {isa = PBXFileReference; lastKnownFileType = sourcecode.swift; path = Bedge.swift; sourceTree = "<group>"; };
		634AD53729F90EC300659C1F /* hikeData.json */ = {isa = PBXFileReference; fileEncoding = 4; lastKnownFileType = text.json; path = hikeData.json; sourceTree = "<group>"; };
		634AD53929F9317200659C1F /* Hike.swift */ = {isa = PBXFileReference; lastKnownFileType = sourcecode.swift; path = Hike.swift; sourceTree = "<group>"; };
		634AD53C29F932AA00659C1F /* GraphCapsule.swift */ = {isa = PBXFileReference; fileEncoding = 4; lastKnownFileType = sourcecode.swift; path = GraphCapsule.swift; sourceTree = "<group>"; };
		634AD53D29F932AA00659C1F /* HikeGraph.swift */ = {isa = PBXFileReference; fileEncoding = 4; lastKnownFileType = sourcecode.swift; path = HikeGraph.swift; sourceTree = "<group>"; };
		634AD53E29F932AA00659C1F /* HikeDetail.swift */ = {isa = PBXFileReference; fileEncoding = 4; lastKnownFileType = sourcecode.swift; path = HikeDetail.swift; sourceTree = "<group>"; };
		634AD53F29F932AA00659C1F /* HikeView.swift */ = {isa = PBXFileReference; fileEncoding = 4; lastKnownFileType = sourcecode.swift; path = HikeView.swift; sourceTree = "<group>"; };
/* End PBXFileReference section */

/* Begin PBXFrameworksBuildPhase section */
		634AD50129F563D800659C1F /* Frameworks */ = {
			isa = PBXFrameworksBuildPhase;
			buildActionMask = 2147483647;
			files = (
			);
			runOnlyForDeploymentPostprocessing = 0;
		};
/* End PBXFrameworksBuildPhase section */

/* Begin PBXGroup section */
		634AD4FB29F563D800659C1F = {
			isa = PBXGroup;
			children = (
				634AD50629F563D800659C1F /* Landmarks */,
				634AD50529F563D800659C1F /* Products */,
			);
			sourceTree = "<group>";
		};
		634AD50529F563D800659C1F /* Products */ = {
			isa = PBXGroup;
			children = (
				634AD50429F563D800659C1F /* Landmarks.app */,
			);
			name = Products;
			sourceTree = "<group>";
		};
		634AD50629F563D800659C1F /* Landmarks */ = {
			isa = PBXGroup;
			children = (
				634AD50729F563D800659C1F /* LandmarksApp.swift */,
				634AD51F29F565E600659C1F /* Views */,
				634AD52029F5660100659C1F /* Model */,
				634AD52129F5661000659C1F /* Resources */,
				634AD50B29F563D900659C1F /* Assets.xcassets */,
				634AD50D29F563D900659C1F /* Preview Content */,
			);
			path = Landmarks;
			sourceTree = "<group>";
		};
		634AD50D29F563D900659C1F /* Preview Content */ = {
			isa = PBXGroup;
			children = (
				634AD50E29F563D900659C1F /* Preview Assets.xcassets */,
			);
			path = "Preview Content";
			sourceTree = "<group>";
		};
		634AD51F29F565E600659C1F /* Views */ = {
			isa = PBXGroup;
			children = (
				634AD50929F563D800659C1F /* ContentView.swift */,
				634AD53B29F932AA00659C1F /* Hikes */,
				634AD52A29F8C0B300659C1F /* Landmarks */,
				634AD53629F909F800659C1F /* Badges */,
				634AD52B29F8C0C600659C1F /* Helpers */,
			);
			path = Views;
			sourceTree = "<group>";
		};
		634AD52029F5660100659C1F /* Model */ = {
			isa = PBXGroup;
			children = (
				634AD51D29F565B500659C1F /* ModelData.swift */,
				634AD51B29F5656200659C1F /* Landmark.swift */,
				634AD53929F9317200659C1F /* Hike.swift */,
			);
			path = Model;
			sourceTree = "<group>";
		};
		634AD52129F5661000659C1F /* Resources */ = {
			isa = PBXGroup;
			children = (
				634AD53729F90EC300659C1F /* hikeData.json */,
				634AD51929F5651100659C1F /* landmarkData.json */,
			);
			path = Resources;
			sourceTree = "<group>";
		};
		634AD52A29F8C0B300659C1F /* Landmarks */ = {
			isa = PBXGroup;
			children = (
				634AD52229F5666900659C1F /* LandmarkRow.swift */,
				634AD52429F5686500659C1F /* LandmarkList.swift */,
				634AD52629F56A3400659C1F /* LandmarkDetail.swift */,
			);
			path = Landmarks;
			sourceTree = "<group>";
		};
		634AD52B29F8C0C600659C1F /* Helpers */ = {
			isa = PBXGroup;
			children = (
				634AD51529F5642A00659C1F /* CircleImage.swift */,
				634AD51729F5644800659C1F /* MapView.swift */,
				634AD52829F8BF3D00659C1F /* FavoriteButton.swift */,
			);
			path = Helpers;
			sourceTree = "<group>";
		};
		634AD53629F909F800659C1F /* Badges */ = {
			isa = PBXGroup;
			children = (
				634AD53429F904D300659C1F /* Bedge.swift */,
				634AD52E29F8CDDE00659C1F /* BedgeBackground.swift */,
				634AD53029F901FB00659C1F /* BedgeSymbol.swift */,
				634AD53229F9027300659C1F /* RotatedBedgeSymbol.swift */,
				634AD52C29F8C6AF00659C1F /* HesagonParameters.swift */,
			);
			path = Badges;
			sourceTree = "<group>";
		};
		634AD53B29F932AA00659C1F /* Hikes */ = {
			isa = PBXGroup;
			children = (
				634AD53C29F932AA00659C1F /* GraphCapsule.swift */,
				634AD53D29F932AA00659C1F /* HikeGraph.swift */,
				634AD53E29F932AA00659C1F /* HikeDetail.swift */,
				634AD53F29F932AA00659C1F /* HikeView.swift */,
			);
			path = Hikes;
			sourceTree = "<group>";
		};
/* End PBXGroup section */

/* Begin PBXNativeTarget section */
		634AD50329F563D800659C1F /* Landmarks */ = {
			isa = PBXNativeTarget;
			buildConfigurationList = 634AD51229F563D900659C1F /* Build configuration list for PBXNativeTarget "Landmarks" */;
			buildPhases = (
				634AD50029F563D800659C1F /* Sources */,
				634AD50129F563D800659C1F /* Frameworks */,
				634AD50229F563D800659C1F /* Resources */,
			);
			buildRules = (
			);
			dependencies = (
			);
			name = Landmarks;
			productName = Landmarks;
			productReference = 634AD50429F563D800659C1F /* Landmarks.app */;
			productType = "com.apple.product-type.application";
		};
/* End PBXNativeTarget section */

/* Begin PBXProject section */
		634AD4FC29F563D800659C1F /* Project object */ = {
			isa = PBXProject;
			attributes = {
				BuildIndependentTargetsInParallel = 1;
				LastSwiftUpdateCheck = 1430;
				LastUpgradeCheck = 1430;
				TargetAttributes = {
					634AD50329F563D800659C1F = {
						CreatedOnToolsVersion = 14.3;
					};
				};
			};
			buildConfigurationList = 634AD4FF29F563D800659C1F /* Build configuration list for PBXProject "Landmarks" */;
			compatibilityVersion = "Xcode 14.0";
			developmentRegion = en;
			hasScannedForEncodings = 0;
			knownRegions = (
				en,
				Base,
			);
			mainGroup = 634AD4FB29F563D800659C1F;
			productRefGroup = 634AD50529F563D800659C1F /* Products */;
			projectDirPath = "";
			projectRoot = "";
			targets = (
				634AD50329F563D800659C1F /* Landmarks */,
			);
		};
/* End PBXProject section */

/* Begin PBXResourcesBuildPhase section */
		634AD50229F563D800659C1F /* Resources */ = {
			isa = PBXResourcesBuildPhase;
			buildActionMask = 2147483647;
			files = (
				634AD53829F90EC300659C1F /* hikeData.json in Resources */,
				634AD50F29F563D900659C1F /* Preview Assets.xcassets in Resources */,
				634AD50C29F563D900659C1F /* Assets.xcassets in Resources */,
				634AD51A29F5651100659C1F /* landmarkData.json in Resources */,
			);
			runOnlyForDeploymentPostprocessing = 0;
		};
/* End PBXResourcesBuildPhase section */

/* Begin PBXSourcesBuildPhase section */
		634AD50029F563D800659C1F /* Sources */ = {
			isa = PBXSourcesBuildPhase;
			buildActionMask = 2147483647;
			files = (
				634AD50A29F563D800659C1F /* ContentView.swift in Sources */,
				634AD54129F932AB00659C1F /* HikeGraph.swift in Sources */,
				634AD51829F5644800659C1F /* MapView.swift in Sources */,
				634AD50829F563D800659C1F /* LandmarksApp.swift in Sources */,
				634AD54029F932AB00659C1F /* GraphCapsule.swift in Sources */,
				634AD52929F8BF3D00659C1F /* FavoriteButton.swift in Sources */,
				634AD52D29F8C6AF00659C1F /* HesagonParameters.swift in Sources */,
				634AD54229F932AB00659C1F /* HikeDetail.swift in Sources */,
				634AD53529F904D300659C1F /* Bedge.swift in Sources */,
				634AD53A29F9317200659C1F /* Hike.swift in Sources */,
				634AD52529F5686500659C1F /* LandmarkList.swift in Sources */,
				634AD52729F56A3400659C1F /* LandmarkDetail.swift in Sources */,
				634AD53329F9027300659C1F /* RotatedBedgeSymbol.swift in Sources */,
				634AD54329F932AB00659C1F /* HikeView.swift in Sources */,
				634AD51629F5642A00659C1F /* CircleImage.swift in Sources */,
				634AD51C29F5656200659C1F /* Landmark.swift in Sources */,
				634AD53129F901FB00659C1F /* BedgeSymbol.swift in Sources */,
				634AD52329F5666900659C1F /* LandmarkRow.swift in Sources */,
				634AD51E29F565B500659C1F /* ModelData.swift in Sources */,
				634AD52F29F8CDDE00659C1F /* BedgeBackground.swift in Sources */,
			);
			runOnlyForDeploymentPostprocessing = 0;
		};
/* End PBXSourcesBuildPhase section */

/* Begin XCBuildConfiguration section */
		634AD51029F563D900659C1F /* Debug */ = {
			isa = XCBuildConfiguration;
			buildSettings = {
				ALWAYS_SEARCH_USER_PATHS = NO;
				CLANG_ANALYZER_NONNULL = YES;
				CLANG_ANALYZER_NUMBER_OBJECT_CONVERSION = YES_AGGRESSIVE;
				CLANG_CXX_LANGUAGE_STANDARD = "gnu++20";
				CLANG_ENABLE_MODULES = YES;
				CLANG_ENABLE_OBJC_ARC = YES;
				CLANG_ENABLE_OBJC_WEAK = YES;
				CLANG_WARN_BLOCK_CAPTURE_AUTORELEASING = YES;
				CLANG_WARN_BOOL_CONVERSION = YES;
				CLANG_WARN_COMMA = YES;
				CLANG_WARN_CONSTANT_CONVERSION = YES;
				CLANG_WARN_DEPRECATED_OBJC_IMPLEMENTATIONS = YES;
				CLANG_WARN_DIRECT_OBJC_ISA_USAGE = YES_ERROR;
				CLANG_WARN_DOCUMENTATION_COMMENTS = YES;
				CLANG_WARN_EMPTY_BODY = YES;
				CLANG_WARN_ENUM_CONVERSION = YES;
				CLANG_WARN_INFINITE_RECURSION = YES;
				CLANG_WARN_INT_CONVERSION = YES;
				CLANG_WARN_NON_LITERAL_NULL_CONVERSION = YES;
				CLANG_WARN_OBJC_IMPLICIT_RETAIN_SELF = YES;
				CLANG_WARN_OBJC_LITERAL_CONVERSION = YES;
				CLANG_WARN_OBJC_ROOT_CLASS = YES_ERROR;
				CLANG_WARN_QUOTED_INCLUDE_IN_FRAMEWORK_HEADER = YES;
				CLANG_WARN_RANGE_LOOP_ANALYSIS = YES;
				CLANG_WARN_STRICT_PROTOTYPES = YES;
				CLANG_WARN_SUSPICIOUS_MOVE = YES;
				CLANG_WARN_UNGUARDED_AVAILABILITY = YES_AGGRESSIVE;
				CLANG_WARN_UNREACHABLE_CODE = YES;
				CLANG_WARN__DUPLICATE_METHOD_MATCH = YES;
				COPY_PHASE_STRIP = NO;
				DEBUG_INFORMATION_FORMAT = dwarf;
				ENABLE_STRICT_OBJC_MSGSEND = YES;
				ENABLE_TESTABILITY = YES;
				GCC_C_LANGUAGE_STANDARD = gnu11;
				GCC_DYNAMIC_NO_PIC = NO;
				GCC_NO_COMMON_BLOCKS = YES;
				GCC_OPTIMIZATION_LEVEL = 0;
				GCC_PREPROCESSOR_DEFINITIONS = (
					"DEBUG=1",
					"$(inherited)",
				);
				GCC_WARN_64_TO_32_BIT_CONVERSION = YES;
				GCC_WARN_ABOUT_RETURN_TYPE = YES_ERROR;
				GCC_WARN_UNDECLARED_SELECTOR = YES;
				GCC_WARN_UNINITIALIZED_AUTOS = YES_AGGRESSIVE;
				GCC_WARN_UNUSED_FUNCTION = YES;
				GCC_WARN_UNUSED_VARIABLE = YES;
				IPHONEOS_DEPLOYMENT_TARGET = 16.4;
				MTL_ENABLE_DEBUG_INFO = INCLUDE_SOURCE;
				MTL_FAST_MATH = YES;
				ONLY_ACTIVE_ARCH = YES;
				SDKROOT = iphoneos;
				SWIFT_ACTIVE_COMPILATION_CONDITIONS = DEBUG;
				SWIFT_OPTIMIZATION_LEVEL = "-Onone";
			};
			name = Debug;
		};
		634AD51129F563D900659C1F /* Release */ = {
			isa = XCBuildConfiguration;
			buildSettings = {
				ALWAYS_SEARCH_USER_PATHS = NO;
				CLANG_ANALYZER_NONNULL = YES;
				CLANG_ANALYZER_NUMBER_OBJECT_CONVERSION = YES_AGGRESSIVE;
				CLANG_CXX_LANGUAGE_STANDARD = "gnu++20";
				CLANG_ENABLE_MODULES = YES;
				CLANG_ENABLE_OBJC_ARC = YES;
				CLANG_ENABLE_OBJC_WEAK = YES;
				CLANG_WARN_BLOCK_CAPTURE_AUTORELEASING = YES;
				CLANG_WARN_BOOL_CONVERSION = YES;
				CLANG_WARN_COMMA = YES;
				CLANG_WARN_CONSTANT_CONVERSION = YES;
				CLANG_WARN_DEPRECATED_OBJC_IMPLEMENTATIONS = YES;
				CLANG_WARN_DIRECT_OBJC_ISA_USAGE = YES_ERROR;
				CLANG_WARN_DOCUMENTATION_COMMENTS = YES;
				CLANG_WARN_EMPTY_BODY = YES;
				CLANG_WARN_ENUM_CONVERSION = YES;
				CLANG_WARN_INFINITE_RECURSION = YES;
				CLANG_WARN_INT_CONVERSION = YES;
				CLANG_WARN_NON_LITERAL_NULL_CONVERSION = YES;
				CLANG_WARN_OBJC_IMPLICIT_RETAIN_SELF = YES;
				CLANG_WARN_OBJC_LITERAL_CONVERSION = YES;
				CLANG_WARN_OBJC_ROOT_CLASS = YES_ERROR;
				CLANG_WARN_QUOTED_INCLUDE_IN_FRAMEWORK_HEADER = YES;
				CLANG_WARN_RANGE_LOOP_ANALYSIS = YES;
				CLANG_WARN_STRICT_PROTOTYPES = YES;
				CLANG_WARN_SUSPICIOUS_MOVE = YES;
				CLANG_WARN_UNGUARDED_AVAILABILITY = YES_AGGRESSIVE;
				CLANG_WARN_UNREACHABLE_CODE = YES;
				CLANG_WARN__DUPLICATE_METHOD_MATCH = YES;
				COPY_PHASE_STRIP = NO;
				DEBUG_INFORMATION_FORMAT = "dwarf-with-dsym";
				ENABLE_NS_ASSERTIONS = NO;
				ENABLE_STRICT_OBJC_MSGSEND = YES;
				GCC_C_LANGUAGE_STANDARD = gnu11;
				GCC_NO_COMMON_BLOCKS = YES;
				GCC_WARN_64_TO_32_BIT_CONVERSION = YES;
				GCC_WARN_ABOUT_RETURN_TYPE = YES_ERROR;
				GCC_WARN_UNDECLARED_SELECTOR = YES;
				GCC_WARN_UNINITIALIZED_AUTOS = YES_AGGRESSIVE;
				GCC_WARN_UNUSED_FUNCTION = YES;
				GCC_WARN_UNUSED_VARIABLE = YES;
				IPHONEOS_DEPLOYMENT_TARGET = 16.4;
				MTL_ENABLE_DEBUG_INFO = NO;
				MTL_FAST_MATH = YES;
				SDKROOT = iphoneos;
				SWIFT_COMPILATION_MODE = wholemodule;
				SWIFT_OPTIMIZATION_LEVEL = "-O";
				VALIDATE_PRODUCT = YES;
			};
			name = Release;
		};
		634AD51329F563D900659C1F /* Debug */ = {
			isa = XCBuildConfiguration;
			buildSettings = {
				ASSETCATALOG_COMPILER_APPICON_NAME = AppIcon;
				ASSETCATALOG_COMPILER_GLOBAL_ACCENT_COLOR_NAME = AccentColor;
				CODE_SIGN_STYLE = Automatic;
				CURRENT_PROJECT_VERSION = 1;
				DEVELOPMENT_ASSET_PATHS = "\"Landmarks/Preview Content\"";
				DEVELOPMENT_TEAM = F93LH9N2L8;
				ENABLE_PREVIEWS = YES;
				GENERATE_INFOPLIST_FILE = YES;
				INFOPLIST_KEY_UIApplicationSceneManifest_Generation = YES;
				INFOPLIST_KEY_UIApplicationSupportsIndirectInputEvents = YES;
				INFOPLIST_KEY_UILaunchScreen_Generation = YES;
				INFOPLIST_KEY_UISupportedInterfaceOrientations_iPad = "UIInterfaceOrientationPortrait UIInterfaceOrientationPortraitUpsideDown UIInterfaceOrientationLandscapeLeft UIInterfaceOrientationLandscapeRight";
				INFOPLIST_KEY_UISupportedInterfaceOrientations_iPhone = "UIInterfaceOrientationPortrait UIInterfaceOrientationLandscapeLeft UIInterfaceOrientationLandscapeRight";
				LD_RUNPATH_SEARCH_PATHS = (
					"$(inherited)",
					"@executable_path/Frameworks",
				);
				MARKETING_VERSION = 1.0;
				PRODUCT_BUNDLE_IDENTIFIER = com.codelion.Landmarks;
				PRODUCT_NAME = "$(TARGET_NAME)";
				SWIFT_EMIT_LOC_STRINGS = YES;
				SWIFT_VERSION = 5.0;
				TARGETED_DEVICE_FAMILY = "1,2";
			};
			name = Debug;
		};
		634AD51429F563D900659C1F /* Release */ = {
			isa = XCBuildConfiguration;
			buildSettings = {
				ASSETCATALOG_COMPILER_APPICON_NAME = AppIcon;
				ASSETCATALOG_COMPILER_GLOBAL_ACCENT_COLOR_NAME = AccentColor;
				CODE_SIGN_STYLE = Automatic;
				CURRENT_PROJECT_VERSION = 1;
				DEVELOPMENT_ASSET_PATHS = "\"Landmarks/Preview Content\"";
				DEVELOPMENT_TEAM = F93LH9N2L8;
				ENABLE_PREVIEWS = YES;
				GENERATE_INFOPLIST_FILE = YES;
				INFOPLIST_KEY_UIApplicationSceneManifest_Generation = YES;
				INFOPLIST_KEY_UIApplicationSupportsIndirectInputEvents = YES;
				INFOPLIST_KEY_UILaunchScreen_Generation = YES;
				INFOPLIST_KEY_UISupportedInterfaceOrientations_iPad = "UIInterfaceOrientationPortrait UIInterfaceOrientationPortraitUpsideDown UIInterfaceOrientationLandscapeLeft UIInterfaceOrientationLandscapeRight";
				INFOPLIST_KEY_UISupportedInterfaceOrientations_iPhone = "UIInterfaceOrientationPortrait UIInterfaceOrientationLandscapeLeft UIInterfaceOrientationLandscapeRight";
				LD_RUNPATH_SEARCH_PATHS = (
					"$(inherited)",
					"@executable_path/Frameworks",
				);
				MARKETING_VERSION = 1.0;
				PRODUCT_BUNDLE_IDENTIFIER = com.codelion.Landmarks;
				PRODUCT_NAME = "$(TARGET_NAME)";
				SWIFT_EMIT_LOC_STRINGS = YES;
				SWIFT_VERSION = 5.0;
				TARGETED_DEVICE_FAMILY = "1,2";
			};
			name = Release;
		};
/* End XCBuildConfiguration section */

/* Begin XCConfigurationList section */
		634AD4FF29F563D800659C1F /* Build configuration list for PBXProject "Landmarks" */ = {
			isa = XCConfigurationList;
			buildConfigurations = (
				634AD51029F563D900659C1F /* Debug */,
				634AD51129F563D900659C1F /* Release */,
			);
			defaultConfigurationIsVisible = 0;
			defaultConfigurationName = Release;
		};
		634AD51229F563D900659C1F /* Build configuration list for PBXNativeTarget "Landmarks" */ = {
			isa = XCConfigurationList;
			buildConfigurations = (
				634AD51329F563D900659C1F /* Debug */,
				634AD51429F563D900659C1F /* Release */,
			);
			defaultConfigurationIsVisible = 0;
			defaultConfigurationName = Release;
		};
/* End XCConfigurationList section */
	};
	rootObject = 634AD4FC29F563D800659C1F /* Project object */;
}
